
Microsoft Visual Studio Solution File, Format Version 12.00
# Visual Studio Version 18
VisualStudioVersion = 18.0.11222.15 d18.0
MinimumVisualStudioVersion = 10.0.40219.1
Project("{FAE04EC0-301F-11D3-BF4B-00C04F79EFBC}") = "Farinv.Api", "Farinv.Api\Farinv.Api.csproj", "{19706D39-6131-49E5-99B7-58A0769110D0}"
EndProject
Project("{FAE04EC0-301F-11D3-BF4B-00C04F79EFBC}") = "Farinv.Domain", "Farinv.Domain\Farinv.Domain.csproj", "{57838F2B-7F13-4EF2-A3BB-4E6E50BE1197}"
EndProject
Project("{FAE04EC0-301F-11D3-BF4B-00C04F79EFBC}") = "Farinv.Application", "Farinv.Application\Farinv.Application.csproj", "{E58F7E4B-7E18-4194-ADEF-7588B96D93C0}"
EndProject
Project("{FAE04EC0-301F-11D3-BF4B-00C04F79EFBC}") = "Farinv.Infrastructure", "Farinv.Infrastructure\Farinv.Infrastructure.csproj", "{5D294B21-D562-4E8B-AF17-6BBD441456F8}"
EndProject
Project("{FAE04EC0-301F-11D3-BF4B-00C04F79EFBC}") = "Farinv.Test", "Farinv.Test\Farinv.Test.csproj", "{3D9B9E9A-D158-47DB-BDBE-2089653DFFA0}"
EndProject
Project("{00D1A9C2-B5F0-4AF3-8072-F6C62B433612}") = "Farinv.Sqldb", "Farinv.Sqldb\Farinv.Sqldb.sqlproj", "{9D54A091-2ACB-4833-B0BB-9FA1924021F4}"
EndProject
Global
	GlobalSection(SolutionConfigurationPlatforms) = preSolution
		Debug|Any CPU = Debug|Any CPU
		Debug|x64 = Debug|x64
		Debug|x86 = Debug|x86
		Release|Any CPU = Release|Any CPU
		Release|x64 = Release|x64
		Release|x86 = Release|x86
	EndGlobalSection
	GlobalSection(ProjectConfigurationPlatforms) = postSolution
		{19706D39-6131-49E5-99B7-58A0769110D0}.Debug|Any CPU.ActiveCfg = Debug|Any CPU
		{19706D39-6131-49E5-99B7-58A0769110D0}.Debug|Any CPU.Build.0 = Debug|Any CPU
		{19706D39-6131-49E5-99B7-58A0769110D0}.Debug|x64.ActiveCfg = Debug|Any CPU
		{19706D39-6131-49E5-99B7-58A0769110D0}.Debug|x64.Build.0 = Debug|Any CPU
		{19706D39-6131-49E5-99B7-58A0769110D0}.Debug|x86.ActiveCfg = Debug|Any CPU
		{19706D39-6131-49E5-99B7-58A0769110D0}.Debug|x86.Build.0 = Debug|Any CPU
		{19706D39-6131-49E5-99B7-58A0769110D0}.Release|Any CPU.ActiveCfg = Release|Any CPU
		{19706D39-6131-49E5-99B7-58A0769110D0}.Release|Any CPU.Build.0 = Release|Any CPU
		{19706D39-6131-49E5-99B7-58A0769110D0}.Release|x64.ActiveCfg = Release|Any CPU
		{19706D39-6131-49E5-99B7-58A0769110D0}.Release|x64.Build.0 = Release|Any CPU
		{19706D39-6131-49E5-99B7-58A0769110D0}.Release|x86.ActiveCfg = Release|Any CPU
		{19706D39-6131-49E5-99B7-58A0769110D0}.Release|x86.Build.0 = Release|Any CPU
		{57838F2B-7F13-4EF2-A3BB-4E6E50BE1197}.Debug|Any CPU.ActiveCfg = Debug|Any CPU
		{57838F2B-7F13-4EF2-A3BB-4E6E50BE1197}.Debug|Any CPU.Build.0 = Debug|Any CPU
		{57838F2B-7F13-4EF2-A3BB-4E6E50BE1197}.Debug|x64.ActiveCfg = Debug|Any CPU
		{57838F2B-7F13-4EF2-A3BB-4E6E50BE1197}.Debug|x64.Build.0 = Debug|Any CPU
		{57838F2B-7F13-4EF2-A3BB-4E6E50BE1197}.Debug|x86.ActiveCfg = Debug|Any CPU
		{57838F2B-7F13-4EF2-A3BB-4E6E50BE1197}.Debug|x86.Build.0 = Debug|Any CPU
		{57838F2B-7F13-4EF2-A3BB-4E6E50BE1197}.Release|Any CPU.ActiveCfg = Release|Any CPU
		{57838F2B-7F13-4EF2-A3BB-4E6E50BE1197}.Release|Any CPU.Build.0 = Release|Any CPU
		{57838F2B-7F13-4EF2-A3BB-4E6E50BE1197}.Release|x64.ActiveCfg = Release|Any CPU
		{57838F2B-7F13-4EF2-A3BB-4E6E50BE1197}.Release|x64.Build.0 = Release|Any CPU
		{57838F2B-7F13-4EF2-A3BB-4E6E50BE1197}.Release|x86.ActiveCfg = Release|Any CPU
		{57838F2B-7F13-4EF2-A3BB-4E6E50BE1197}.Release|x86.Build.0 = Release|Any CPU
		{E58F7E4B-7E18-4194-ADEF-7588B96D93C0}.Debug|Any CPU.ActiveCfg = Debug|Any CPU
		{E58F7E4B-7E18-4194-ADEF-7588B96D93C0}.Debug|Any CPU.Build.0 = Debug|Any CPU
		{E58F7E4B-7E18-4194-ADEF-7588B96D93C0}.Debug|x64.ActiveCfg = Debug|Any CPU
		{E58F7E4B-7E18-4194-ADEF-7588B96D93C0}.Debug|x64.Build.0 = Debug|Any CPU
		{E58F7E4B-7E18-4194-ADEF-7588B96D93C0}.Debug|x86.ActiveCfg = Debug|Any CPU
		{E58F7E4B-7E18-4194-ADEF-7588B96D93C0}.Debug|x86.Build.0 = Debug|Any CPU
		{E58F7E4B-7E18-4194-ADEF-7588B96D93C0}.Release|Any CPU.ActiveCfg = Release|Any CPU
		{E58F7E4B-7E18-4194-ADEF-7588B96D93C0}.Release|Any CPU.Build.0 = Release|Any CPU
		{E58F7E4B-7E18-4194-ADEF-7588B96D93C0}.Release|x64.ActiveCfg = Release|Any CPU
		{E58F7E4B-7E18-4194-ADEF-7588B96D93C0}.Release|x64.Build.0 = Release|Any CPU
		{E58F7E4B-7E18-4194-ADEF-7588B96D93C0}.Release|x86.ActiveCfg = Release|Any CPU
		{E58F7E4B-7E18-4194-ADEF-7588B96D93C0}.Release|x86.Build.0 = Release|Any CPU
		{5D294B21-D562-4E8B-AF17-6BBD441456F8}.Debug|Any CPU.ActiveCfg = Debug|Any CPU
		{5D294B21-D562-4E8B-AF17-6BBD441456F8}.Debug|Any CPU.Build.0 = Debug|Any CPU
		{5D294B21-D562-4E8B-AF17-6BBD441456F8}.Debug|x64.ActiveCfg = Debug|Any CPU
		{5D294B21-D562-4E8B-AF17-6BBD441456F8}.Debug|x64.Build.0 = Debug|Any CPU
		{5D294B21-D562-4E8B-AF17-6BBD441456F8}.Debug|x86.ActiveCfg = Debug|Any CPU
		{5D294B21-D562-4E8B-AF17-6BBD441456F8}.Debug|x86.Build.0 = Debug|Any CPU
		{5D294B21-D562-4E8B-AF17-6BBD441456F8}.Release|Any CPU.ActiveCfg = Release|Any CPU
		{5D294B21-D562-4E8B-AF17-6BBD441456F8}.Release|Any CPU.Build.0 = Release|Any CPU
		{5D294B21-D562-4E8B-AF17-6BBD441456F8}.Release|x64.ActiveCfg = Release|Any CPU
		{5D294B21-D562-4E8B-AF17-6BBD441456F8}.Release|x64.Build.0 = Release|Any CPU
		{5D294B21-D562-4E8B-AF17-6BBD441456F8}.Release|x86.ActiveCfg = Release|Any CPU
		{5D294B21-D562-4E8B-AF17-6BBD441456F8}.Release|x86.Build.0 = Release|Any CPU
		{3D9B9E9A-D158-47DB-BDBE-2089653DFFA0}.Debug|Any CPU.ActiveCfg = Debug|Any CPU
		{3D9B9E9A-D158-47DB-BDBE-2089653DFFA0}.Debug|Any CPU.Build.0 = Debug|Any CPU
		{3D9B9E9A-D158-47DB-BDBE-2089653DFFA0}.Debug|x64.ActiveCfg = Debug|Any CPU
		{3D9B9E9A-D158-47DB-BDBE-2089653DFFA0}.Debug|x64.Build.0 = Debug|Any CPU
		{3D9B9E9A-D158-47DB-BDBE-2089653DFFA0}.Debug|x86.ActiveCfg = Debug|Any CPU
		{3D9B9E9A-D158-47DB-BDBE-2089653DFFA0}.Debug|x86.Build.0 = Debug|Any CPU
		{3D9B9E9A-D158-47DB-BDBE-2089653DFFA0}.Release|Any CPU.ActiveCfg = Release|Any CPU
		{3D9B9E9A-D158-47DB-BDBE-2089653DFFA0}.Release|Any CPU.Build.0 = Release|Any CPU
		{3D9B9E9A-D158-47DB-BDBE-2089653DFFA0}.Release|x64.ActiveCfg = Release|Any CPU
		{3D9B9E9A-D158-47DB-BDBE-2089653DFFA0}.Release|x64.Build.0 = Release|Any CPU
		{3D9B9E9A-D158-47DB-BDBE-2089653DFFA0}.Release|x86.ActiveCfg = Release|Any CPU
		{3D9B9E9A-D158-47DB-BDBE-2089653DFFA0}.Release|x86.Build.0 = Release|Any CPU
		{9D54A091-2ACB-4833-B0BB-9FA1924021F4}.Debug|Any CPU.ActiveCfg = Debug|Any CPU
		{9D54A091-2ACB-4833-B0BB-9FA1924021F4}.Debug|Any CPU.Build.0 = Debug|Any CPU
		{9D54A091-2ACB-4833-B0BB-9FA1924021F4}.Debug|Any CPU.Deploy.0 = Debug|Any CPU
		{9D54A091-2ACB-4833-B0BB-9FA1924021F4}.Debug|x64.ActiveCfg = Debug|Any CPU
		{9D54A091-2ACB-4833-B0BB-9FA1924021F4}.Debug|x64.Build.0 = Debug|Any CPU
		{9D54A091-2ACB-4833-B0BB-9FA1924021F4}.Debug|x64.Deploy.0 = Debug|Any CPU
		{9D54A091-2ACB-4833-B0BB-9FA1924021F4}.Debug|x86.ActiveCfg = Debug|Any CPU
		{9D54A091-2ACB-4833-B0BB-9FA1924021F4}.Debug|x86.Build.0 = Debug|Any CPU
		{9D54A091-2ACB-4833-B0BB-9FA1924021F4}.Debug|x86.Deploy.0 = Debug|Any CPU
		{9D54A091-2ACB-4833-B0BB-9FA1924021F4}.Release|Any CPU.ActiveCfg = Release|Any CPU
		{9D54A091-2ACB-4833-B0BB-9FA1924021F4}.Release|Any CPU.Build.0 = Release|Any CPU
		{9D54A091-2ACB-4833-B0BB-9FA1924021F4}.Release|Any CPU.Deploy.0 = Release|Any CPU
		{9D54A091-2ACB-4833-B0BB-9FA1924021F4}.Release|x64.ActiveCfg = Release|Any CPU
		{9D54A091-2ACB-4833-B0BB-9FA1924021F4}.Release|x64.Build.0 = Release|Any CPU
		{9D54A091-2ACB-4833-B0BB-9FA1924021F4}.Release|x64.Deploy.0 = Release|Any CPU
		{9D54A091-2ACB-4833-B0BB-9FA1924021F4}.Release|x86.ActiveCfg = Release|Any CPU
		{9D54A091-2ACB-4833-B0BB-9FA1924021F4}.Release|x86.Build.0 = Release|Any CPU
		{9D54A091-2ACB-4833-B0BB-9FA1924021F4}.Release|x86.Deploy.0 = Release|Any CPU
	EndGlobalSection
	GlobalSection(SolutionProperties) = preSolution
		HideSolutionNode = FALSE
	EndGlobalSection
EndGlobal
